// !$*UTF8*$!
{
	archiveVersion = 1;
	classes = {
	};
	objectVersion = 55;
	objects = {

/* Begin PBXBuildFile section */
		7F4368EF275DEC3E00671958 /* AppDelegate.swift in Sources */ = {isa = PBXBuildFile; fileRef = 7F4368EE275DEC3E00671958 /* AppDelegate.swift */; };
		7F4368F1275DEC3E00671958 /* SceneDelegate.swift in Sources */ = {isa = PBXBuildFile; fileRef = 7F4368F0275DEC3E00671958 /* SceneDelegate.swift */; };
		7F4368F3275DEC3E00671958 /* ViewController.swift in Sources */ = {isa = PBXBuildFile; fileRef = 7F4368F2275DEC3E00671958 /* ViewController.swift */; };
		7F4368F6275DEC3E00671958 /* Main.storyboard in Resources */ = {isa = PBXBuildFile; fileRef = 7F4368F4275DEC3E00671958 /* Main.storyboard */; };
		7F4368F9275DEC3E00671958 /* base_project_mvvm_c.xcdatamodeld in Sources */ = {isa = PBXBuildFile; fileRef = 7F4368F7275DEC3E00671958 /* base_project_mvvm_c.xcdatamodeld */; };
		7F4368FB275DEC4000671958 /* Assets.xcassets in Resources */ = {isa = PBXBuildFile; fileRef = 7F4368FA275DEC4000671958 /* Assets.xcassets */; };
		7F4368FE275DEC4000671958 /* LaunchScreen.storyboard in Resources */ = {isa = PBXBuildFile; fileRef = 7F4368FC275DEC4000671958 /* LaunchScreen.storyboard */; };
		7F436909275DEC4100671958 /* base_project_mvvm_cTests.swift in Sources */ = {isa = PBXBuildFile; fileRef = 7F436908275DEC4100671958 /* base_project_mvvm_cTests.swift */; };
		7F436913275DEC4100671958 /* base_project_mvvm_cUITests.swift in Sources */ = {isa = PBXBuildFile; fileRef = 7F436912275DEC4100671958 /* base_project_mvvm_cUITests.swift */; };
		7F436915275DEC4100671958 /* base_project_mvvm_cUITestsLaunchTests.swift in Sources */ = {isa = PBXBuildFile; fileRef = 7F436914275DEC4100671958 /* base_project_mvvm_cUITestsLaunchTests.swift */; };
/* End PBXBuildFile section */

/* Begin PBXContainerItemProxy section */
		7F436905275DEC4100671958 /* PBXContainerItemProxy */ = {
			isa = PBXContainerItemProxy;
			containerPortal = 7F4368E3275DEC3E00671958 /* Project object */;
			proxyType = 1;
			remoteGlobalIDString = 7F4368EA275DEC3E00671958;
			remoteInfo = "base-project-mvvm-c";
		};
		7F43690F275DEC4100671958 /* PBXContainerItemProxy */ = {
			isa = PBXContainerItemProxy;
			containerPortal = 7F4368E3275DEC3E00671958 /* Project object */;
			proxyType = 1;
			remoteGlobalIDString = 7F4368EA275DEC3E00671958;
			remoteInfo = "base-project-mvvm-c";
		};
/* End PBXContainerItemProxy section */

/* Begin PBXFileReference section */
		7F4368EB275DEC3E00671958 /* base-project-mvvm-c.app */ = {isa = PBXFileReference; explicitFileType = wrapper.application; includeInIndex = 0; path = "base-project-mvvm-c.app"; sourceTree = BUILT_PRODUCTS_DIR; };
		7F4368EE275DEC3E00671958 /* AppDelegate.swift */ = {isa = PBXFileReference; lastKnownFileType = sourcecode.swift; path = AppDelegate.swift; sourceTree = "<group>"; };
		7F4368F0275DEC3E00671958 /* SceneDelegate.swift */ = {isa = PBXFileReference; lastKnownFileType = sourcecode.swift; path = SceneDelegate.swift; sourceTree = "<group>"; };
		7F4368F2275DEC3E00671958 /* ViewController.swift */ = {isa = PBXFileReference; lastKnownFileType = sourcecode.swift; path = ViewController.swift; sourceTree = "<group>"; };
		7F4368F5275DEC3E00671958 /* Base */ = {isa = PBXFileReference; lastKnownFileType = file.storyboard; name = Base; path = Base.lproj/Main.storyboard; sourceTree = "<group>"; };
		7F4368F8275DEC3E00671958 /* base_project_mvvm_c.xcdatamodel */ = {isa = PBXFileReference; lastKnownFileType = wrapper.xcdatamodel; path = base_project_mvvm_c.xcdatamodel; sourceTree = "<group>"; };
		7F4368FA275DEC4000671958 /* Assets.xcassets */ = {isa = PBXFileReference; lastKnownFileType = folder.assetcatalog; path = Assets.xcassets; sourceTree = "<group>"; };
		7F4368FD275DEC4000671958 /* Base */ = {isa = PBXFileReference; lastKnownFileType = file.storyboard; name = Base; path = Base.lproj/LaunchScreen.storyboard; sourceTree = "<group>"; };
		7F4368FF275DEC4000671958 /* Info.plist */ = {isa = PBXFileReference; lastKnownFileType = text.plist.xml; path = Info.plist; sourceTree = "<group>"; };
		7F436904275DEC4100671958 /* base-project-mvvm-cTests.xctest */ = {isa = PBXFileReference; explicitFileType = wrapper.cfbundle; includeInIndex = 0; path = "base-project-mvvm-cTests.xctest"; sourceTree = BUILT_PRODUCTS_DIR; };
		7F436908275DEC4100671958 /* base_project_mvvm_cTests.swift */ = {isa = PBXFileReference; lastKnownFileType = sourcecode.swift; path = base_project_mvvm_cTests.swift; sourceTree = "<group>"; };
		7F43690E275DEC4100671958 /* base-project-mvvm-cUITests.xctest */ = {isa = PBXFileReference; explicitFileType = wrapper.cfbundle; includeInIndex = 0; path = "base-project-mvvm-cUITests.xctest"; sourceTree = BUILT_PRODUCTS_DIR; };
		7F436912275DEC4100671958 /* base_project_mvvm_cUITests.swift */ = {isa = PBXFileReference; lastKnownFileType = sourcecode.swift; path = base_project_mvvm_cUITests.swift; sourceTree = "<group>"; };
		7F436914275DEC4100671958 /* base_project_mvvm_cUITestsLaunchTests.swift */ = {isa = PBXFileReference; lastKnownFileType = sourcecode.swift; path = base_project_mvvm_cUITestsLaunchTests.swift; sourceTree = "<group>"; };
/* End PBXFileReference section */

/* Begin PBXFrameworksBuildPhase section */
		7F4368E8275DEC3E00671958 /* Frameworks */ = {
			isa = PBXFrameworksBuildPhase;
			buildActionMask = 2147483647;
			files = (
			);
			runOnlyForDeploymentPostprocessing = 0;
		};
		7F436901275DEC4100671958 /* Frameworks */ = {
			isa = PBXFrameworksBuildPhase;
			buildActionMask = 2147483647;
			files = (
			);
			runOnlyForDeploymentPostprocessing = 0;
		};
		7F43690B275DEC4100671958 /* Frameworks */ = {
			isa = PBXFrameworksBuildPhase;
			buildActionMask = 2147483647;
			files = (
			);
			runOnlyForDeploymentPostprocessing = 0;
		};
/* End PBXFrameworksBuildPhase section */

/* Begin PBXGroup section */
		7F4368E2275DEC3E00671958 = {
			isa = PBXGroup;
			children = (
				7F4368ED275DEC3E00671958 /* base-project-mvvm-c */,
				7F436907275DEC4100671958 /* base-project-mvvm-cTests */,
				7F436911275DEC4100671958 /* base-project-mvvm-cUITests */,
				7F4368EC275DEC3E00671958 /* Products */,
			);
			sourceTree = "<group>";
		};
		7F4368EC275DEC3E00671958 /* Products */ = {
			isa = PBXGroup;
			children = (
				7F4368EB275DEC3E00671958 /* base-project-mvvm-c.app */,
				7F436904275DEC4100671958 /* base-project-mvvm-cTests.xctest */,
				7F43690E275DEC4100671958 /* base-project-mvvm-cUITests.xctest */,
			);
			name = Products;
			sourceTree = "<group>";
		};
		7F4368ED275DEC3E00671958 /* base-project-mvvm-c */ = {
			isa = PBXGroup;
			children = (
				7F4368EE275DEC3E00671958 /* AppDelegate.swift */,
				7F4368F0275DEC3E00671958 /* SceneDelegate.swift */,
				7F4368F2275DEC3E00671958 /* ViewController.swift */,
				7F4368F4275DEC3E00671958 /* Main.storyboard */,
				7F4368FA275DEC4000671958 /* Assets.xcassets */,
				7F4368FC275DEC4000671958 /* LaunchScreen.storyboard */,
				7F4368FF275DEC4000671958 /* Info.plist */,
				7F4368F7275DEC3E00671958 /* base_project_mvvm_c.xcdatamodeld */,
			);
			path = "base-project-mvvm-c";
			sourceTree = "<group>";
		};
		7F436907275DEC4100671958 /* base-project-mvvm-cTests */ = {
			isa = PBXGroup;
			children = (
				7F436908275DEC4100671958 /* base_project_mvvm_cTests.swift */,
			);
			path = "base-project-mvvm-cTests";
			sourceTree = "<group>";
		};
		7F436911275DEC4100671958 /* base-project-mvvm-cUITests */ = {
			isa = PBXGroup;
			children = (
				7F436912275DEC4100671958 /* base_project_mvvm_cUITests.swift */,
				7F436914275DEC4100671958 /* base_project_mvvm_cUITestsLaunchTests.swift */,
			);
			path = "base-project-mvvm-cUITests";
			sourceTree = "<group>";
		};
/* End PBXGroup section */

/* Begin PBXNativeTarget section */
		7F4368EA275DEC3E00671958 /* base-project-mvvm-c */ = {
			isa = PBXNativeTarget;
			buildConfigurationList = 7F436918275DEC4100671958 /* Build configuration list for PBXNativeTarget "base-project-mvvm-c" */;
			buildPhases = (
				7F4368E7275DEC3E00671958 /* Sources */,
				7F4368E8275DEC3E00671958 /* Frameworks */,
				7F4368E9275DEC3E00671958 /* Resources */,
			);
			buildRules = (
			);
			dependencies = (
			);
			name = "base-project-mvvm-c";
			productName = "base-project-mvvm-c";
			productReference = 7F4368EB275DEC3E00671958 /* base-project-mvvm-c.app */;
			productType = "com.apple.product-type.application";
		};
		7F436903275DEC4100671958 /* base-project-mvvm-cTests */ = {
			isa = PBXNativeTarget;
			buildConfigurationList = 7F43691B275DEC4100671958 /* Build configuration list for PBXNativeTarget "base-project-mvvm-cTests" */;
			buildPhases = (
				7F436900275DEC4100671958 /* Sources */,
				7F436901275DEC4100671958 /* Frameworks */,
				7F436902275DEC4100671958 /* Resources */,
			);
			buildRules = (
			);
			dependencies = (
				7F436906275DEC4100671958 /* PBXTargetDependency */,
			);
			name = "base-project-mvvm-cTests";
			productName = "base-project-mvvm-cTests";
			productReference = 7F436904275DEC4100671958 /* base-project-mvvm-cTests.xctest */;
			productType = "com.apple.product-type.bundle.unit-test";
		};
		7F43690D275DEC4100671958 /* base-project-mvvm-cUITests */ = {
			isa = PBXNativeTarget;
			buildConfigurationList = 7F43691E275DEC4100671958 /* Build configuration list for PBXNativeTarget "base-project-mvvm-cUITests" */;
			buildPhases = (
				7F43690A275DEC4100671958 /* Sources */,
				7F43690B275DEC4100671958 /* Frameworks */,
				7F43690C275DEC4100671958 /* Resources */,
			);
			buildRules = (
			);
			dependencies = (
				7F436910275DEC4100671958 /* PBXTargetDependency */,
			);
			name = "base-project-mvvm-cUITests";
			productName = "base-project-mvvm-cUITests";
			productReference = 7F43690E275DEC4100671958 /* base-project-mvvm-cUITests.xctest */;
			productType = "com.apple.product-type.bundle.ui-testing";
		};
/* End PBXNativeTarget section */

/* Begin PBXProject section */
		7F4368E3275DEC3E00671958 /* Project object */ = {
			isa = PBXProject;
			attributes = {
				BuildIndependentTargetsInParallel = 1;
				LastSwiftUpdateCheck = 1310;
				LastUpgradeCheck = 1310;
				TargetAttributes = {
					7F4368EA275DEC3E00671958 = {
						CreatedOnToolsVersion = 13.1;
					};
					7F436903275DEC4100671958 = {
						CreatedOnToolsVersion = 13.1;
						TestTargetID = 7F4368EA275DEC3E00671958;
					};
					7F43690D275DEC4100671958 = {
						CreatedOnToolsVersion = 13.1;
						TestTargetID = 7F4368EA275DEC3E00671958;
					};
				};
			};
			buildConfigurationList = 7F4368E6275DEC3E00671958 /* Build configuration list for PBXProject "base-project-mvvm-c" */;
			compatibilityVersion = "Xcode 13.0";
			developmentRegion = en;
			hasScannedForEncodings = 0;
			knownRegions = (
				en,
				Base,
			);
			mainGroup = 7F4368E2275DEC3E00671958;
			productRefGroup = 7F4368EC275DEC3E00671958 /* Products */;
			projectDirPath = "";
			projectRoot = "";
			targets = (
				7F4368EA275DEC3E00671958 /* base-project-mvvm-c */,
				7F436903275DEC4100671958 /* base-project-mvvm-cTests */,
				7F43690D275DEC4100671958 /* base-project-mvvm-cUITests */,
			);
		};
/* End PBXProject section */

/* Begin PBXResourcesBuildPhase section */
		7F4368E9275DEC3E00671958 /* Resources */ = {
			isa = PBXResourcesBuildPhase;
			buildActionMask = 2147483647;
			files = (
				7F4368FE275DEC4000671958 /* LaunchScreen.storyboard in Resources */,
				7F4368FB275DEC4000671958 /* Assets.xcassets in Resources */,
				7F4368F6275DEC3E00671958 /* Main.storyboard in Resources */,
			);
			runOnlyForDeploymentPostprocessing = 0;
		};
		7F436902275DEC4100671958 /* Resources */ = {
			isa = PBXResourcesBuildPhase;
			buildActionMask = 2147483647;
			files = (
			);
			runOnlyForDeploymentPostprocessing = 0;
		};
		7F43690C275DEC4100671958 /* Resources */ = {
			isa = PBXResourcesBuildPhase;
			buildActionMask = 2147483647;
			files = (
			);
			runOnlyForDeploymentPostprocessing = 0;
		};
/* End PBXResourcesBuildPhase section */

/* Begin PBXSourcesBuildPhase section */
		7F4368E7275DEC3E00671958 /* Sources */ = {
			isa = PBXSourcesBuildPhase;
			buildActionMask = 2147483647;
			files = (
				7F4368F9275DEC3E00671958 /* base_project_mvvm_c.xcdatamodeld in Sources */,
				7F4368F3275DEC3E00671958 /* ViewController.swift in Sources */,
				7F4368EF275DEC3E00671958 /* AppDelegate.swift in Sources */,
				7F4368F1275DEC3E00671958 /* SceneDelegate.swift in Sources */,
			);
			runOnlyForDeploymentPostprocessing = 0;
		};
		7F436900275DEC4100671958 /* Sources */ = {
			isa = PBXSourcesBuildPhase;
			buildActionMask = 2147483647;
			files = (
				7F436909275DEC4100671958 /* base_project_mvvm_cTests.swift in Sources */,
			);
			runOnlyForDeploymentPostprocessing = 0;
		};
		7F43690A275DEC4100671958 /* Sources */ = {
			isa = PBXSourcesBuildPhase;
			buildActionMask = 2147483647;
			files = (
				7F436913275DEC4100671958 /* base_project_mvvm_cUITests.swift in Sources */,
				7F436915275DEC4100671958 /* base_project_mvvm_cUITestsLaunchTests.swift in Sources */,
			);
			runOnlyForDeploymentPostprocessing = 0;
		};
/* End PBXSourcesBuildPhase section */

/* Begin PBXTargetDependency section */
		7F436906275DEC4100671958 /* PBXTargetDependency */ = {
			isa = PBXTargetDependency;
			target = 7F4368EA275DEC3E00671958 /* base-project-mvvm-c */;
			targetProxy = 7F436905275DEC4100671958 /* PBXContainerItemProxy */;
		};
		7F436910275DEC4100671958 /* PBXTargetDependency */ = {
			isa = PBXTargetDependency;
			target = 7F4368EA275DEC3E00671958 /* base-project-mvvm-c */;
			targetProxy = 7F43690F275DEC4100671958 /* PBXContainerItemProxy */;
		};
/* End PBXTargetDependency section */

/* Begin PBXVariantGroup section */
		7F4368F4275DEC3E00671958 /* Main.storyboard */ = {
			isa = PBXVariantGroup;
			children = (
				7F4368F5275DEC3E00671958 /* Base */,
			);
			name = Main.storyboard;
			sourceTree = "<group>";
		};
		7F4368FC275DEC4000671958 /* LaunchScreen.storyboard */ = {
			isa = PBXVariantGroup;
			children = (
				7F4368FD275DEC4000671958 /* Base */,
			);
			name = LaunchScreen.storyboard;
			sourceTree = "<group>";
		};
/* End PBXVariantGroup section */

/* Begin XCBuildConfiguration section */
		7F436916275DEC4100671958 /* Debug */ = {
			isa = XCBuildConfiguration;
			buildSettings = {
				ALWAYS_SEARCH_USER_PATHS = NO;
				CLANG_ANALYZER_NONNULL = YES;
				CLANG_ANALYZER_NUMBER_OBJECT_CONVERSION = YES_AGGRESSIVE;
				CLANG_CXX_LANGUAGE_STANDARD = "gnu++17";
				CLANG_CXX_LIBRARY = "libc++";
				CLANG_ENABLE_MODULES = YES;
				CLANG_ENABLE_OBJC_ARC = YES;
				CLANG_ENABLE_OBJC_WEAK = YES;
				CLANG_WARN_BLOCK_CAPTURE_AUTORELEASING = YES;
				CLANG_WARN_BOOL_CONVERSION = YES;
				CLANG_WARN_COMMA = YES;
				CLANG_WARN_CONSTANT_CONVERSION = YES;
				CLANG_WARN_DEPRECATED_OBJC_IMPLEMENTATIONS = YES;
				CLANG_WARN_DIRECT_OBJC_ISA_USAGE = YES_ERROR;
				CLANG_WARN_DOCUMENTATION_COMMENTS = YES;
				CLANG_WARN_EMPTY_BODY = YES;
				CLANG_WARN_ENUM_CONVERSION = YES;
				CLANG_WARN_INFINITE_RECURSION = YES;
				CLANG_WARN_INT_CONVERSION = YES;
				CLANG_WARN_NON_LITERAL_NULL_CONVERSION = YES;
				CLANG_WARN_OBJC_IMPLICIT_RETAIN_SELF = YES;
				CLANG_WARN_OBJC_LITERAL_CONVERSION = YES;
				CLANG_WARN_OBJC_ROOT_CLASS = YES_ERROR;
				CLANG_WARN_QUOTED_INCLUDE_IN_FRAMEWORK_HEADER = YES;
				CLANG_WARN_RANGE_LOOP_ANALYSIS = YES;
				CLANG_WARN_STRICT_PROTOTYPES = YES;
				CLANG_WARN_SUSPICIOUS_MOVE = YES;
				CLANG_WARN_UNGUARDED_AVAILABILITY = YES_AGGRESSIVE;
				CLANG_WARN_UNREACHABLE_CODE = YES;
				CLANG_WARN__DUPLICATE_METHOD_MATCH = YES;
				COPY_PHASE_STRIP = NO;
				DEBUG_INFORMATION_FORMAT = dwarf;
				ENABLE_STRICT_OBJC_MSGSEND = YES;
				ENABLE_TESTABILITY = YES;
				GCC_C_LANGUAGE_STANDARD = gnu11;
				GCC_DYNAMIC_NO_PIC = NO;
				GCC_NO_COMMON_BLOCKS = YES;
				GCC_OPTIMIZATION_LEVEL = 0;
				GCC_PREPROCESSOR_DEFINITIONS = (
					"DEBUG=1",
					"$(inherited)",
				);
				GCC_WARN_64_TO_32_BIT_CONVERSION = YES;
				GCC_WARN_ABOUT_RETURN_TYPE = YES_ERROR;
				GCC_WARN_UNDECLARED_SELECTOR = YES;
				GCC_WARN_UNINITIALIZED_AUTOS = YES_AGGRESSIVE;
				GCC_WARN_UNUSED_FUNCTION = YES;
				GCC_WARN_UNUSED_VARIABLE = YES;
				IPHONEOS_DEPLOYMENT_TARGET = 15.0;
				MTL_ENABLE_DEBUG_INFO = INCLUDE_SOURCE;
				MTL_FAST_MATH = YES;
				ONLY_ACTIVE_ARCH = YES;
				SDKROOT = iphoneos;
				SWIFT_ACTIVE_COMPILATION_CONDITIONS = DEBUG;
				SWIFT_OPTIMIZATION_LEVEL = "-Onone";
			};
			name = Debug;
		};
		7F436917275DEC4100671958 /* Release */ = {
			isa = XCBuildConfiguration;
			buildSettings = {
				ALWAYS_SEARCH_USER_PATHS = NO;
				CLANG_ANALYZER_NONNULL = YES;
				CLANG_ANALYZER_NUMBER_OBJECT_CONVERSION = YES_AGGRESSIVE;
				CLANG_CXX_LANGUAGE_STANDARD = "gnu++17";
				CLANG_CXX_LIBRARY = "libc++";
				CLANG_ENABLE_MODULES = YES;
				CLANG_ENABLE_OBJC_ARC = YES;
				CLANG_ENABLE_OBJC_WEAK = YES;
				CLANG_WARN_BLOCK_CAPTURE_AUTORELEASING = YES;
				CLANG_WARN_BOOL_CONVERSION = YES;
				CLANG_WARN_COMMA = YES;
				CLANG_WARN_CONSTANT_CONVERSION = YES;
				CLANG_WARN_DEPRECATED_OBJC_IMPLEMENTATIONS = YES;
				CLANG_WARN_DIRECT_OBJC_ISA_USAGE = YES_ERROR;
				CLANG_WARN_DOCUMENTATION_COMMENTS = YES;
				CLANG_WARN_EMPTY_BODY = YES;
				CLANG_WARN_ENUM_CONVERSION = YES;
				CLANG_WARN_INFINITE_RECURSION = YES;
				CLANG_WARN_INT_CONVERSION = YES;
				CLANG_WARN_NON_LITERAL_NULL_CONVERSION = YES;
				CLANG_WARN_OBJC_IMPLICIT_RETAIN_SELF = YES;
				CLANG_WARN_OBJC_LITERAL_CONVERSION = YES;
				CLANG_WARN_OBJC_ROOT_CLASS = YES_ERROR;
				CLANG_WARN_QUOTED_INCLUDE_IN_FRAMEWORK_HEADER = YES;
				CLANG_WARN_RANGE_LOOP_ANALYSIS = YES;
				CLANG_WARN_STRICT_PROTOTYPES = YES;
				CLANG_WARN_SUSPICIOUS_MOVE = YES;
				CLANG_WARN_UNGUARDED_AVAILABILITY = YES_AGGRESSIVE;
				CLANG_WARN_UNREACHABLE_CODE = YES;
				CLANG_WARN__DUPLICATE_METHOD_MATCH = YES;
				COPY_PHASE_STRIP = NO;
				DEBUG_INFORMATION_FORMAT = "dwarf-with-dsym";
				ENABLE_NS_ASSERTIONS = NO;
				ENABLE_STRICT_OBJC_MSGSEND = YES;
				GCC_C_LANGUAGE_STANDARD = gnu11;
				GCC_NO_COMMON_BLOCKS = YES;
				GCC_WARN_64_TO_32_BIT_CONVERSION = YES;
				GCC_WARN_ABOUT_RETURN_TYPE = YES_ERROR;
				GCC_WARN_UNDECLARED_SELECTOR = YES;
				GCC_WARN_UNINITIALIZED_AUTOS = YES_AGGRESSIVE;
				GCC_WARN_UNUSED_FUNCTION = YES;
				GCC_WARN_UNUSED_VARIABLE = YES;
				IPHONEOS_DEPLOYMENT_TARGET = 15.0;
				MTL_ENABLE_DEBUG_INFO = NO;
				MTL_FAST_MATH = YES;
				SDKROOT = iphoneos;
				SWIFT_COMPILATION_MODE = wholemodule;
				SWIFT_OPTIMIZATION_LEVEL = "-O";
				VALIDATE_PRODUCT = YES;
			};
			name = Release;
		};
		7F436919275DEC4100671958 /* Debug */ = {
			isa = XCBuildConfiguration;
			buildSettings = {
				ASSETCATALOG_COMPILER_APPICON_NAME = AppIcon;
				ASSETCATALOG_COMPILER_GLOBAL_ACCENT_COLOR_NAME = AccentColor;
				CODE_SIGN_STYLE = Automatic;
				CURRENT_PROJECT_VERSION = 1;
				DEVELOPMENT_TEAM = WX488TK3G3;
				GENERATE_INFOPLIST_FILE = YES;
				INFOPLIST_FILE = "base-project-mvvm-c/Info.plist";
				INFOPLIST_KEY_UIApplicationSupportsIndirectInputEvents = YES;
				INFOPLIST_KEY_UILaunchStoryboardName = LaunchScreen;
				INFOPLIST_KEY_UIMainStoryboardFile = Main;
				INFOPLIST_KEY_UISupportedInterfaceOrientations_iPad = "UIInterfaceOrientationPortrait UIInterfaceOrientationPortraitUpsideDown UIInterfaceOrientationLandscapeLeft UIInterfaceOrientationLandscapeRight";
				INFOPLIST_KEY_UISupportedInterfaceOrientations_iPhone = "UIInterfaceOrientationPortrait UIInterfaceOrientationLandscapeLeft UIInterfaceOrientationLandscapeRight";
				LD_RUNPATH_SEARCH_PATHS = (
					"$(inherited)",
					"@executable_path/Frameworks",
				);
				MARKETING_VERSION = 1.0;
				PRODUCT_BUNDLE_IDENTIFIER = "edu.arsanusa.project-base.base-project-mvvm-c";
				PRODUCT_NAME = "$(TARGET_NAME)";
				SWIFT_EMIT_LOC_STRINGS = YES;
				SWIFT_VERSION = 5.0;
				TARGETED_DEVICE_FAMILY = "1,2";
			};
			name = Debug;
		};
		7F43691A275DEC4100671958 /* Release */ = {
			isa = XCBuildConfiguration;
			buildSettings = {
				ASSETCATALOG_COMPILER_APPICON_NAME = AppIcon;
				ASSETCATALOG_COMPILER_GLOBAL_ACCENT_COLOR_NAME = AccentColor;
				CODE_SIGN_STYLE = Automatic;
				CURRENT_PROJECT_VERSION = 1;
				DEVELOPMENT_TEAM = WX488TK3G3;
				GENERATE_INFOPLIST_FILE = YES;
				INFOPLIST_FILE = "base-project-mvvm-c/Info.plist";
				INFOPLIST_KEY_UIApplicationSupportsIndirectInputEvents = YES;
				INFOPLIST_KEY_UILaunchStoryboardName = LaunchScreen;
				INFOPLIST_KEY_UIMainStoryboardFile = Main;
				INFOPLIST_KEY_UISupportedInterfaceOrientations_iPad = "UIInterfaceOrientationPortrait UIInterfaceOrientationPortraitUpsideDown UIInterfaceOrientationLandscapeLeft UIInterfaceOrientationLandscapeRight";
				INFOPLIST_KEY_UISupportedInterfaceOrientations_iPhone = "UIInterfaceOrientationPortrait UIInterfaceOrientationLandscapeLeft UIInterfaceOrientationLandscapeRight";
				LD_RUNPATH_SEARCH_PATHS = (
					"$(inherited)",
					"@executable_path/Frameworks",
				);
				MARKETING_VERSION = 1.0;
				PRODUCT_BUNDLE_IDENTIFIER = "edu.arsanusa.project-base.base-project-mvvm-c";
				PRODUCT_NAME = "$(TARGET_NAME)";
				SWIFT_EMIT_LOC_STRINGS = YES;
				SWIFT_VERSION = 5.0;
				TARGETED_DEVICE_FAMILY = "1,2";
			};
			name = Release;
		};
		7F43691C275DEC4100671958 /* Debug */ = {
			isa = XCBuildConfiguration;
			buildSettings = {
				ALWAYS_EMBED_SWIFT_STANDARD_LIBRARIES = YES;
				BUNDLE_LOADER = "$(TEST_HOST)";
				CODE_SIGN_STYLE = Automatic;
				CURRENT_PROJECT_VERSION = 1;
				DEVELOPMENT_TEAM = WX488TK3G3;
				GENERATE_INFOPLIST_FILE = YES;
				IPHONEOS_DEPLOYMENT_TARGET = 15.0;
				LD_RUNPATH_SEARCH_PATHS = (
					"$(inherited)",
					"@executable_path/Frameworks",
					"@loader_path/Frameworks",
				);
				MARKETING_VERSION = 1.0;
				PRODUCT_BUNDLE_IDENTIFIER = "edu.arsanusa.project-base.base-project-mvvm-cTests";
				PRODUCT_NAME = "$(TARGET_NAME)";
				SWIFT_EMIT_LOC_STRINGS = NO;
				SWIFT_VERSION = 5.0;
				TARGETED_DEVICE_FAMILY = "1,2";
				TEST_HOST = "$(BUILT_PRODUCTS_DIR)/base-project-mvvm-c.app/base-project-mvvm-c";
			};
			name = Debug;
		};
		7F43691D275DEC4100671958 /* Release */ = {
			isa = XCBuildConfiguration;
			buildSettings = {
				ALWAYS_EMBED_SWIFT_STANDARD_LIBRARIES = YES;
				BUNDLE_LOADER = "$(TEST_HOST)";
				CODE_SIGN_STYLE = Automatic;
				CURRENT_PROJECT_VERSION = 1;
				DEVELOPMENT_TEAM = WX488TK3G3;
				GENERATE_INFOPLIST_FILE = YES;
				IPHONEOS_DEPLOYMENT_TARGET = 15.0;
				LD_RUNPATH_SEARCH_PATHS = (
					"$(inherited)",
					"@executable_path/Frameworks",
					"@loader_path/Frameworks",
				);
				MARKETING_VERSION = 1.0;
				PRODUCT_BUNDLE_IDENTIFIER = "edu.arsanusa.project-base.base-project-mvvm-cTests";
				PRODUCT_NAME = "$(TARGET_NAME)";
				SWIFT_EMIT_LOC_STRINGS = NO;
				SWIFT_VERSION = 5.0;
				TARGETED_DEVICE_FAMILY = "1,2";
				TEST_HOST = "$(BUILT_PRODUCTS_DIR)/base-project-mvvm-c.app/base-project-mvvm-c";
			};
			name = Release;
		};
		7F43691F275DEC4100671958 /* Debug */ = {
			isa = XCBuildConfiguration;
			buildSettings = {
				ALWAYS_EMBED_SWIFT_STANDARD_LIBRARIES = YES;
				CODE_SIGN_STYLE = Automatic;
				CURRENT_PROJECT_VERSION = 1;
				DEVELOPMENT_TEAM = WX488TK3G3;
				GENERATE_INFOPLIST_FILE = YES;
				LD_RUNPATH_SEARCH_PATHS = (
					"$(inherited)",
					"@executable_path/Frameworks",
					"@loader_path/Frameworks",
				);
				MARKETING_VERSION = 1.0;
				PRODUCT_BUNDLE_IDENTIFIER = "edu.arsanusa.project-base.base-project-mvvm-cUITests";
				PRODUCT_NAME = "$(TARGET_NAME)";
				SWIFT_EMIT_LOC_STRINGS = NO;
				SWIFT_VERSION = 5.0;
				TARGETED_DEVICE_FAMILY = "1,2";
				TEST_TARGET_NAME = "base-project-mvvm-c";
			};
			name = Debug;
		};
		7F436920275DEC4100671958 /* Release */ = {
			isa = XCBuildConfiguration;
			buildSettings = {
				ALWAYS_EMBED_SWIFT_STANDARD_LIBRARIES = YES;
				CODE_SIGN_STYLE = Automatic;
				CURRENT_PROJECT_VERSION = 1;
				DEVELOPMENT_TEAM = WX488TK3G3;
				GENERATE_INFOPLIST_FILE = YES;
				LD_RUNPATH_SEARCH_PATHS = (
					"$(inherited)",
					"@executable_path/Frameworks",
					"@loader_path/Frameworks",
				);
				MARKETING_VERSION = 1.0;
				PRODUCT_BUNDLE_IDENTIFIER = "edu.arsanusa.project-base.base-project-mvvm-cUITests";
				PRODUCT_NAME = "$(TARGET_NAME)";
				SWIFT_EMIT_LOC_STRINGS = NO;
				SWIFT_VERSION = 5.0;
				TARGETED_DEVICE_FAMILY = "1,2";
				TEST_TARGET_NAME = "base-project-mvvm-c";
			};
			name = Release;
		};
/* End XCBuildConfiguration section */

/* Begin XCConfigurationList section */
		7F4368E6275DEC3E00671958 /* Build configuration list for PBXProject "base-project-mvvm-c" */ = {
			isa = XCConfigurationList;
			buildConfigurations = (
				7F436916275DEC4100671958 /* Debug */,
				7F436917275DEC4100671958 /* Release */,
			);
			defaultConfigurationIsVisible = 0;
			defaultConfigurationName = Release;
		};
		7F436918275DEC4100671958 /* Build configuration list for PBXNativeTarget "base-project-mvvm-c" */ = {
			isa = XCConfigurationList;
			buildConfigurations = (
				7F436919275DEC4100671958 /* Debug */,
				7F43691A275DEC4100671958 /* Release */,
			);
			defaultConfigurationIsVisible = 0;
			defaultConfigurationName = Release;
		};
		7F43691B275DEC4100671958 /* Build configuration list for PBXNativeTarget "base-project-mvvm-cTests" */ = {
			isa = XCConfigurationList;
			buildConfigurations = (
				7F43691C275DEC4100671958 /* Debug */,
				7F43691D275DEC4100671958 /* Release */,
			);
			defaultConfigurationIsVisible = 0;
			defaultConfigurationName = Release;
		};
		7F43691E275DEC4100671958 /* Build configuration list for PBXNativeTarget "base-project-mvvm-cUITests" */ = {
			isa = XCConfigurationList;
			buildConfigurations = (
				7F43691F275DEC4100671958 /* Debug */,
				7F436920275DEC4100671958 /* Release */,
			);
			defaultConfigurationIsVisible = 0;
			defaultConfigurationName = Release;
		};
/* End XCConfigurationList section */

/* Begin XCVersionGroup section */
		7F4368F7275DEC3E00671958 /* base_project_mvvm_c.xcdatamodeld */ = {
			isa = XCVersionGroup;
			children = (
				7F4368F8275DEC3E00671958 /* base_project_mvvm_c.xcdatamodel */,
			);
			currentVersion = 7F4368F8275DEC3E00671958 /* base_project_mvvm_c.xcdatamodel */;
			path = base_project_mvvm_c.xcdatamodeld;
			sourceTree = "<group>";
			versionGroupType = wrapper.xcdatamodel;
		};
/* End XCVersionGroup section */
	};
	rootObject = 7F4368E3275DEC3E00671958 /* Project object */;
}
